// !$*UTF8*$!
{
	archiveVersion = 1;
	classes = {
	};
	objectVersion = 55;
	objects = {

/* Begin PBXBuildFile section */
		850C0DE2281881BF00826BA8 /* FridgeMateApp.swift in Sources */ = {isa = PBXBuildFile; fileRef = 850C0DE1281881BF00826BA8 /* FridgeMateApp.swift */; };
		850C0DE4281881BF00826BA8 /* WelcomeView.swift in Sources */ = {isa = PBXBuildFile; fileRef = 850C0DE3281881BF00826BA8 /* WelcomeView.swift */; };
		850C0DE6281881C100826BA8 /* Assets.xcassets in Resources */ = {isa = PBXBuildFile; fileRef = 850C0DE5281881C100826BA8 /* Assets.xcassets */; };
		850C0DE9281881C100826BA8 /* Preview Assets.xcassets in Resources */ = {isa = PBXBuildFile; fileRef = 850C0DE8281881C100826BA8 /* Preview Assets.xcassets */; };
		850C0DF3281881C100826BA8 /* FridgeMateTests.swift in Sources */ = {isa = PBXBuildFile; fileRef = 850C0DF2281881C100826BA8 /* FridgeMateTests.swift */; };
		850C0DFD281881C100826BA8 /* FridgeMateUITests.swift in Sources */ = {isa = PBXBuildFile; fileRef = 850C0DFC281881C100826BA8 /* FridgeMateUITests.swift */; };
		850C0DFF281881C100826BA8 /* FridgeMateUITestsLaunchTests.swift in Sources */ = {isa = PBXBuildFile; fileRef = 850C0DFE281881C100826BA8 /* FridgeMateUITestsLaunchTests.swift */; };
		850C0E0E281895F400826BA8 /* Color+Extensions.swift in Sources */ = {isa = PBXBuildFile; fileRef = 850C0E0D281895F400826BA8 /* Color+Extensions.swift */; };
		850C0E102818F6CA00826BA8 /* CapsuleButton.swift in Sources */ = {isa = PBXBuildFile; fileRef = 850C0E0F2818F6CA00826BA8 /* CapsuleButton.swift */; };
/* End PBXBuildFile section */

/* Begin PBXContainerItemProxy section */
		850C0DEF281881C100826BA8 /* PBXContainerItemProxy */ = {
			isa = PBXContainerItemProxy;
			containerPortal = 850C0DD6281881BF00826BA8 /* Project object */;
			proxyType = 1;
			remoteGlobalIDString = 850C0DDD281881BF00826BA8;
			remoteInfo = FridgeMate;
		};
		850C0DF9281881C100826BA8 /* PBXContainerItemProxy */ = {
			isa = PBXContainerItemProxy;
			containerPortal = 850C0DD6281881BF00826BA8 /* Project object */;
			proxyType = 1;
			remoteGlobalIDString = 850C0DDD281881BF00826BA8;
			remoteInfo = FridgeMate;
		};
/* End PBXContainerItemProxy section */

/* Begin PBXFileReference section */
		850C0DDE281881BF00826BA8 /* FridgeMate.app */ = {isa = PBXFileReference; explicitFileType = wrapper.application; includeInIndex = 0; path = FridgeMate.app; sourceTree = BUILT_PRODUCTS_DIR; };
		850C0DE1281881BF00826BA8 /* FridgeMateApp.swift */ = {isa = PBXFileReference; lastKnownFileType = sourcecode.swift; path = FridgeMateApp.swift; sourceTree = "<group>"; };
		850C0DE3281881BF00826BA8 /* WelcomeView.swift */ = {isa = PBXFileReference; lastKnownFileType = sourcecode.swift; path = WelcomeView.swift; sourceTree = "<group>"; };
		850C0DE5281881C100826BA8 /* Assets.xcassets */ = {isa = PBXFileReference; lastKnownFileType = folder.assetcatalog; path = Assets.xcassets; sourceTree = "<group>"; };
		850C0DE8281881C100826BA8 /* Preview Assets.xcassets */ = {isa = PBXFileReference; lastKnownFileType = folder.assetcatalog; path = "Preview Assets.xcassets"; sourceTree = "<group>"; };
		850C0DEE281881C100826BA8 /* FridgeMateTests.xctest */ = {isa = PBXFileReference; explicitFileType = wrapper.cfbundle; includeInIndex = 0; path = FridgeMateTests.xctest; sourceTree = BUILT_PRODUCTS_DIR; };
		850C0DF2281881C100826BA8 /* FridgeMateTests.swift */ = {isa = PBXFileReference; lastKnownFileType = sourcecode.swift; path = FridgeMateTests.swift; sourceTree = "<group>"; };
		850C0DF8281881C100826BA8 /* FridgeMateUITests.xctest */ = {isa = PBXFileReference; explicitFileType = wrapper.cfbundle; includeInIndex = 0; path = FridgeMateUITests.xctest; sourceTree = BUILT_PRODUCTS_DIR; };
		850C0DFC281881C100826BA8 /* FridgeMateUITests.swift */ = {isa = PBXFileReference; lastKnownFileType = sourcecode.swift; path = FridgeMateUITests.swift; sourceTree = "<group>"; };
		850C0DFE281881C100826BA8 /* FridgeMateUITestsLaunchTests.swift */ = {isa = PBXFileReference; lastKnownFileType = sourcecode.swift; path = FridgeMateUITestsLaunchTests.swift; sourceTree = "<group>"; };
		850C0E0D281895F400826BA8 /* Color+Extensions.swift */ = {isa = PBXFileReference; lastKnownFileType = sourcecode.swift; path = "Color+Extensions.swift"; sourceTree = "<group>"; };
		850C0E0F2818F6CA00826BA8 /* CapsuleButton.swift */ = {isa = PBXFileReference; lastKnownFileType = sourcecode.swift; path = CapsuleButton.swift; sourceTree = "<group>"; };
/* End PBXFileReference section */

/* Begin PBXFrameworksBuildPhase section */
		850C0DDB281881BF00826BA8 /* Frameworks */ = {
			isa = PBXFrameworksBuildPhase;
			buildActionMask = 2147483647;
			files = (
			);
			runOnlyForDeploymentPostprocessing = 0;
		};
		850C0DEB281881C100826BA8 /* Frameworks */ = {
			isa = PBXFrameworksBuildPhase;
			buildActionMask = 2147483647;
			files = (
			);
			runOnlyForDeploymentPostprocessing = 0;
		};
		850C0DF5281881C100826BA8 /* Frameworks */ = {
			isa = PBXFrameworksBuildPhase;
			buildActionMask = 2147483647;
			files = (
			);
			runOnlyForDeploymentPostprocessing = 0;
		};
/* End PBXFrameworksBuildPhase section */

/* Begin PBXGroup section */
		850C0DD5281881BF00826BA8 = {
			isa = PBXGroup;
			children = (
				850C0DE0281881BF00826BA8 /* FridgeMate */,
				850C0DF1281881C100826BA8 /* FridgeMateTests */,
				850C0DFB281881C100826BA8 /* FridgeMateUITests */,
				850C0DDF281881BF00826BA8 /* Products */,
			);
			sourceTree = "<group>";
		};
		850C0DDF281881BF00826BA8 /* Products */ = {
			isa = PBXGroup;
			children = (
				850C0DDE281881BF00826BA8 /* FridgeMate.app */,
				850C0DEE281881C100826BA8 /* FridgeMateTests.xctest */,
				850C0DF8281881C100826BA8 /* FridgeMateUITests.xctest */,
			);
			name = Products;
			sourceTree = "<group>";
		};
		850C0DE0281881BF00826BA8 /* FridgeMate */ = {
			isa = PBXGroup;
			children = (
				850C0E0C281895DF00826BA8 /* Extensions */,
				850C0E0B281893F600826BA8 /* Views */,
				850C0DE1281881BF00826BA8 /* FridgeMateApp.swift */,
				850C0DE5281881C100826BA8 /* Assets.xcassets */,
				850C0DE7281881C100826BA8 /* Preview Content */,
			);
			path = FridgeMate;
			sourceTree = "<group>";
		};
		850C0DE7281881C100826BA8 /* Preview Content */ = {
			isa = PBXGroup;
			children = (
				850C0DE8281881C100826BA8 /* Preview Assets.xcassets */,
			);
			path = "Preview Content";
			sourceTree = "<group>";
		};
		850C0DF1281881C100826BA8 /* FridgeMateTests */ = {
			isa = PBXGroup;
			children = (
				850C0DF2281881C100826BA8 /* FridgeMateTests.swift */,
			);
			path = FridgeMateTests;
			sourceTree = "<group>";
		};
		850C0DFB281881C100826BA8 /* FridgeMateUITests */ = {
			isa = PBXGroup;
			children = (
				850C0DFC281881C100826BA8 /* FridgeMateUITests.swift */,
				850C0DFE281881C100826BA8 /* FridgeMateUITestsLaunchTests.swift */,
			);
			path = FridgeMateUITests;
			sourceTree = "<group>";
		};
		850C0E0B281893F600826BA8 /* Views */ = {
			isa = PBXGroup;
			children = (
				850C0DE3281881BF00826BA8 /* WelcomeView.swift */,
				850C0E0F2818F6CA00826BA8 /* CapsuleButton.swift */,
			);
			path = Views;
			sourceTree = "<group>";
		};
		850C0E0C281895DF00826BA8 /* Extensions */ = {
			isa = PBXGroup;
			children = (
				850C0E0D281895F400826BA8 /* Color+Extensions.swift */,
			);
			path = Extensions;
			sourceTree = "<group>";
		};
/* End PBXGroup section */

/* Begin PBXNativeTarget section */
		850C0DDD281881BF00826BA8 /* FridgeMate */ = {
			isa = PBXNativeTarget;
			buildConfigurationList = 850C0E02281881C100826BA8 /* Build configuration list for PBXNativeTarget "FridgeMate" */;
			buildPhases = (
				850C0DDA281881BF00826BA8 /* Sources */,
				850C0DDB281881BF00826BA8 /* Frameworks */,
				850C0DDC281881BF00826BA8 /* Resources */,
			);
			buildRules = (
			);
			dependencies = (
			);
			name = FridgeMate;
			productName = FridgeMate;
			productReference = 850C0DDE281881BF00826BA8 /* FridgeMate.app */;
			productType = "com.apple.product-type.application";
		};
		850C0DED281881C100826BA8 /* FridgeMateTests */ = {
			isa = PBXNativeTarget;
			buildConfigurationList = 850C0E05281881C100826BA8 /* Build configuration list for PBXNativeTarget "FridgeMateTests" */;
			buildPhases = (
				850C0DEA281881C100826BA8 /* Sources */,
				850C0DEB281881C100826BA8 /* Frameworks */,
				850C0DEC281881C100826BA8 /* Resources */,
			);
			buildRules = (
			);
			dependencies = (
				850C0DF0281881C100826BA8 /* PBXTargetDependency */,
			);
			name = FridgeMateTests;
			productName = FridgeMateTests;
			productReference = 850C0DEE281881C100826BA8 /* FridgeMateTests.xctest */;
			productType = "com.apple.product-type.bundle.unit-test";
		};
		850C0DF7281881C100826BA8 /* FridgeMateUITests */ = {
			isa = PBXNativeTarget;
			buildConfigurationList = 850C0E08281881C100826BA8 /* Build configuration list for PBXNativeTarget "FridgeMateUITests" */;
			buildPhases = (
				850C0DF4281881C100826BA8 /* Sources */,
				850C0DF5281881C100826BA8 /* Frameworks */,
				850C0DF6281881C100826BA8 /* Resources */,
			);
			buildRules = (
			);
			dependencies = (
				850C0DFA281881C100826BA8 /* PBXTargetDependency */,
			);
			name = FridgeMateUITests;
			productName = FridgeMateUITests;
			productReference = 850C0DF8281881C100826BA8 /* FridgeMateUITests.xctest */;
			productType = "com.apple.product-type.bundle.ui-testing";
		};
/* End PBXNativeTarget section */

/* Begin PBXProject section */
		850C0DD6281881BF00826BA8 /* Project object */ = {
			isa = PBXProject;
			attributes = {
				BuildIndependentTargetsInParallel = 1;
				LastSwiftUpdateCheck = 1330;
				LastUpgradeCheck = 1330;
				TargetAttributes = {
					850C0DDD281881BF00826BA8 = {
						CreatedOnToolsVersion = 13.3.1;
					};
					850C0DED281881C100826BA8 = {
						CreatedOnToolsVersion = 13.3.1;
						TestTargetID = 850C0DDD281881BF00826BA8;
					};
					850C0DF7281881C100826BA8 = {
						CreatedOnToolsVersion = 13.3.1;
						TestTargetID = 850C0DDD281881BF00826BA8;
					};
				};
			};
			buildConfigurationList = 850C0DD9281881BF00826BA8 /* Build configuration list for PBXProject "FridgeMate" */;
			compatibilityVersion = "Xcode 13.0";
			developmentRegion = en;
			hasScannedForEncodings = 0;
			knownRegions = (
				en,
				Base,
			);
			mainGroup = 850C0DD5281881BF00826BA8;
			productRefGroup = 850C0DDF281881BF00826BA8 /* Products */;
			projectDirPath = "";
			projectRoot = "";
			targets = (
				850C0DDD281881BF00826BA8 /* FridgeMate */,
				850C0DED281881C100826BA8 /* FridgeMateTests */,
				850C0DF7281881C100826BA8 /* FridgeMateUITests */,
			);
		};
/* End PBXProject section */

/* Begin PBXResourcesBuildPhase section */
		850C0DDC281881BF00826BA8 /* Resources */ = {
			isa = PBXResourcesBuildPhase;
			buildActionMask = 2147483647;
			files = (
				850C0DE9281881C100826BA8 /* Preview Assets.xcassets in Resources */,
				850C0DE6281881C100826BA8 /* Assets.xcassets in Resources */,
			);
			runOnlyForDeploymentPostprocessing = 0;
		};
		850C0DEC281881C100826BA8 /* Resources */ = {
			isa = PBXResourcesBuildPhase;
			buildActionMask = 2147483647;
			files = (
			);
			runOnlyForDeploymentPostprocessing = 0;
		};
		850C0DF6281881C100826BA8 /* Resources */ = {
			isa = PBXResourcesBuildPhase;
			buildActionMask = 2147483647;
			files = (
			);
			runOnlyForDeploymentPostprocessing = 0;
		};
/* End PBXResourcesBuildPhase section */

/* Begin PBXSourcesBuildPhase section */
		850C0DDA281881BF00826BA8 /* Sources */ = {
			isa = PBXSourcesBuildPhase;
			buildActionMask = 2147483647;
			files = (
				850C0DE4281881BF00826BA8 /* WelcomeView.swift in Sources */,
				850C0DE2281881BF00826BA8 /* FridgeMateApp.swift in Sources */,
				850C0E0E281895F400826BA8 /* Color+Extensions.swift in Sources */,
				850C0E102818F6CA00826BA8 /* CapsuleButton.swift in Sources */,
			);
			runOnlyForDeploymentPostprocessing = 0;
		};
		850C0DEA281881C100826BA8 /* Sources */ = {
			isa = PBXSourcesBuildPhase;
			buildActionMask = 2147483647;
			files = (
				850C0DF3281881C100826BA8 /* FridgeMateTests.swift in Sources */,
			);
			runOnlyForDeploymentPostprocessing = 0;
		};
		850C0DF4281881C100826BA8 /* Sources */ = {
			isa = PBXSourcesBuildPhase;
			buildActionMask = 2147483647;
			files = (
				850C0DFF281881C100826BA8 /* FridgeMateUITestsLaunchTests.swift in Sources */,
				850C0DFD281881C100826BA8 /* FridgeMateUITests.swift in Sources */,
			);
			runOnlyForDeploymentPostprocessing = 0;
		};
/* End PBXSourcesBuildPhase section */

/* Begin PBXTargetDependency section */
		850C0DF0281881C100826BA8 /* PBXTargetDependency */ = {
			isa = PBXTargetDependency;
			target = 850C0DDD281881BF00826BA8 /* FridgeMate */;
			targetProxy = 850C0DEF281881C100826BA8 /* PBXContainerItemProxy */;
		};
		850C0DFA281881C100826BA8 /* PBXTargetDependency */ = {
			isa = PBXTargetDependency;
			target = 850C0DDD281881BF00826BA8 /* FridgeMate */;
			targetProxy = 850C0DF9281881C100826BA8 /* PBXContainerItemProxy */;
		};
/* End PBXTargetDependency section */

/* Begin XCBuildConfiguration section */
		850C0E00281881C100826BA8 /* Debug */ = {
			isa = XCBuildConfiguration;
			buildSettings = {
				ALWAYS_SEARCH_USER_PATHS = NO;
				CLANG_ANALYZER_NONNULL = YES;
				CLANG_ANALYZER_NUMBER_OBJECT_CONVERSION = YES_AGGRESSIVE;
				CLANG_CXX_LANGUAGE_STANDARD = "gnu++17";
				CLANG_ENABLE_MODULES = YES;
				CLANG_ENABLE_OBJC_ARC = YES;
				CLANG_ENABLE_OBJC_WEAK = YES;
				CLANG_WARN_BLOCK_CAPTURE_AUTORELEASING = YES;
				CLANG_WARN_BOOL_CONVERSION = YES;
				CLANG_WARN_COMMA = YES;
				CLANG_WARN_CONSTANT_CONVERSION = YES;
				CLANG_WARN_DEPRECATED_OBJC_IMPLEMENTATIONS = YES;
				CLANG_WARN_DIRECT_OBJC_ISA_USAGE = YES_ERROR;
				CLANG_WARN_DOCUMENTATION_COMMENTS = YES;
				CLANG_WARN_EMPTY_BODY = YES;
				CLANG_WARN_ENUM_CONVERSION = YES;
				CLANG_WARN_INFINITE_RECURSION = YES;
				CLANG_WARN_INT_CONVERSION = YES;
				CLANG_WARN_NON_LITERAL_NULL_CONVERSION = YES;
				CLANG_WARN_OBJC_IMPLICIT_RETAIN_SELF = YES;
				CLANG_WARN_OBJC_LITERAL_CONVERSION = YES;
				CLANG_WARN_OBJC_ROOT_CLASS = YES_ERROR;
				CLANG_WARN_QUOTED_INCLUDE_IN_FRAMEWORK_HEADER = YES;
				CLANG_WARN_RANGE_LOOP_ANALYSIS = YES;
				CLANG_WARN_STRICT_PROTOTYPES = YES;
				CLANG_WARN_SUSPICIOUS_MOVE = YES;
				CLANG_WARN_UNGUARDED_AVAILABILITY = YES_AGGRESSIVE;
				CLANG_WARN_UNREACHABLE_CODE = YES;
				CLANG_WARN__DUPLICATE_METHOD_MATCH = YES;
				COPY_PHASE_STRIP = NO;
				DEBUG_INFORMATION_FORMAT = dwarf;
				ENABLE_STRICT_OBJC_MSGSEND = YES;
				ENABLE_TESTABILITY = YES;
				GCC_C_LANGUAGE_STANDARD = gnu11;
				GCC_DYNAMIC_NO_PIC = NO;
				GCC_NO_COMMON_BLOCKS = YES;
				GCC_OPTIMIZATION_LEVEL = 0;
				GCC_PREPROCESSOR_DEFINITIONS = (
					"DEBUG=1",
					"$(inherited)",
				);
				GCC_WARN_64_TO_32_BIT_CONVERSION = YES;
				GCC_WARN_ABOUT_RETURN_TYPE = YES_ERROR;
				GCC_WARN_UNDECLARED_SELECTOR = YES;
				GCC_WARN_UNINITIALIZED_AUTOS = YES_AGGRESSIVE;
				GCC_WARN_UNUSED_FUNCTION = YES;
				GCC_WARN_UNUSED_VARIABLE = YES;
				IPHONEOS_DEPLOYMENT_TARGET = 15.4;
				MTL_ENABLE_DEBUG_INFO = INCLUDE_SOURCE;
				MTL_FAST_MATH = YES;
				ONLY_ACTIVE_ARCH = YES;
				SDKROOT = iphoneos;
				SWIFT_ACTIVE_COMPILATION_CONDITIONS = DEBUG;
				SWIFT_OPTIMIZATION_LEVEL = "-Onone";
			};
			name = Debug;
		};
		850C0E01281881C100826BA8 /* Release */ = {
			isa = XCBuildConfiguration;
			buildSettings = {
				ALWAYS_SEARCH_USER_PATHS = NO;
				CLANG_ANALYZER_NONNULL = YES;
				CLANG_ANALYZER_NUMBER_OBJECT_CONVERSION = YES_AGGRESSIVE;
				CLANG_CXX_LANGUAGE_STANDARD = "gnu++17";
				CLANG_ENABLE_MODULES = YES;
				CLANG_ENABLE_OBJC_ARC = YES;
				CLANG_ENABLE_OBJC_WEAK = YES;
				CLANG_WARN_BLOCK_CAPTURE_AUTORELEASING = YES;
				CLANG_WARN_BOOL_CONVERSION = YES;
				CLANG_WARN_COMMA = YES;
				CLANG_WARN_CONSTANT_CONVERSION = YES;
				CLANG_WARN_DEPRECATED_OBJC_IMPLEMENTATIONS = YES;
				CLANG_WARN_DIRECT_OBJC_ISA_USAGE = YES_ERROR;
				CLANG_WARN_DOCUMENTATION_COMMENTS = YES;
				CLANG_WARN_EMPTY_BODY = YES;
				CLANG_WARN_ENUM_CONVERSION = YES;
				CLANG_WARN_INFINITE_RECURSION = YES;
				CLANG_WARN_INT_CONVERSION = YES;
				CLANG_WARN_NON_LITERAL_NULL_CONVERSION = YES;
				CLANG_WARN_OBJC_IMPLICIT_RETAIN_SELF = YES;
				CLANG_WARN_OBJC_LITERAL_CONVERSION = YES;
				CLANG_WARN_OBJC_ROOT_CLASS = YES_ERROR;
				CLANG_WARN_QUOTED_INCLUDE_IN_FRAMEWORK_HEADER = YES;
				CLANG_WARN_RANGE_LOOP_ANALYSIS = YES;
				CLANG_WARN_STRICT_PROTOTYPES = YES;
				CLANG_WARN_SUSPICIOUS_MOVE = YES;
				CLANG_WARN_UNGUARDED_AVAILABILITY = YES_AGGRESSIVE;
				CLANG_WARN_UNREACHABLE_CODE = YES;
				CLANG_WARN__DUPLICATE_METHOD_MATCH = YES;
				COPY_PHASE_STRIP = NO;
				DEBUG_INFORMATION_FORMAT = "dwarf-with-dsym";
				ENABLE_NS_ASSERTIONS = NO;
				ENABLE_STRICT_OBJC_MSGSEND = YES;
				GCC_C_LANGUAGE_STANDARD = gnu11;
				GCC_NO_COMMON_BLOCKS = YES;
				GCC_WARN_64_TO_32_BIT_CONVERSION = YES;
				GCC_WARN_ABOUT_RETURN_TYPE = YES_ERROR;
				GCC_WARN_UNDECLARED_SELECTOR = YES;
				GCC_WARN_UNINITIALIZED_AUTOS = YES_AGGRESSIVE;
				GCC_WARN_UNUSED_FUNCTION = YES;
				GCC_WARN_UNUSED_VARIABLE = YES;
				IPHONEOS_DEPLOYMENT_TARGET = 15.4;
				MTL_ENABLE_DEBUG_INFO = NO;
				MTL_FAST_MATH = YES;
				SDKROOT = iphoneos;
				SWIFT_COMPILATION_MODE = wholemodule;
				SWIFT_OPTIMIZATION_LEVEL = "-O";
				VALIDATE_PRODUCT = YES;
			};
			name = Release;
		};
		850C0E03281881C100826BA8 /* Debug */ = {
			isa = XCBuildConfiguration;
			buildSettings = {
				ASSETCATALOG_COMPILER_APPICON_NAME = AppIcon;
				ASSETCATALOG_COMPILER_GLOBAL_ACCENT_COLOR_NAME = AccentColor;
				CODE_SIGN_STYLE = Automatic;
				CURRENT_PROJECT_VERSION = 1;
				DEVELOPMENT_ASSET_PATHS = "\"FridgeMate/Preview Content\"";
				DEVELOPMENT_TEAM = S2W97NUM9L;
				ENABLE_PREVIEWS = YES;
				GENERATE_INFOPLIST_FILE = YES;
				INFOPLIST_KEY_UIApplicationSceneManifest_Generation = YES;
				INFOPLIST_KEY_UIApplicationSupportsIndirectInputEvents = YES;
				INFOPLIST_KEY_UILaunchScreen_Generation = YES;
				INFOPLIST_KEY_UISupportedInterfaceOrientations_iPad = "UIInterfaceOrientationPortrait UIInterfaceOrientationPortraitUpsideDown UIInterfaceOrientationLandscapeLeft UIInterfaceOrientationLandscapeRight";
				INFOPLIST_KEY_UISupportedInterfaceOrientations_iPhone = "UIInterfaceOrientationPortrait UIInterfaceOrientationLandscapeLeft UIInterfaceOrientationLandscapeRight";
				LD_RUNPATH_SEARCH_PATHS = (
					"$(inherited)",
					"@executable_path/Frameworks",
				);
				MARKETING_VERSION = 1.0;
				PRODUCT_BUNDLE_IDENTIFIER = dev.leoespinal.FridgeMate;
				PRODUCT_NAME = "$(TARGET_NAME)";
				SWIFT_EMIT_LOC_STRINGS = YES;
				SWIFT_VERSION = 5.0;
				TARGETED_DEVICE_FAMILY = "1,2";
			};
			name = Debug;
		};
		850C0E04281881C100826BA8 /* Release */ = {
			isa = XCBuildConfiguration;
			buildSettings = {
				ASSETCATALOG_COMPILER_APPICON_NAME = AppIcon;
				ASSETCATALOG_COMPILER_GLOBAL_ACCENT_COLOR_NAME = AccentColor;
				CODE_SIGN_STYLE = Automatic;
				CURRENT_PROJECT_VERSION = 1;
				DEVELOPMENT_ASSET_PATHS = "\"FridgeMate/Preview Content\"";
				DEVELOPMENT_TEAM = S2W97NUM9L;
				ENABLE_PREVIEWS = YES;
				GENERATE_INFOPLIST_FILE = YES;
				INFOPLIST_KEY_UIApplicationSceneManifest_Generation = YES;
				INFOPLIST_KEY_UIApplicationSupportsIndirectInputEvents = YES;
				INFOPLIST_KEY_UILaunchScreen_Generation = YES;
				INFOPLIST_KEY_UISupportedInterfaceOrientations_iPad = "UIInterfaceOrientationPortrait UIInterfaceOrientationPortraitUpsideDown UIInterfaceOrientationLandscapeLeft UIInterfaceOrientationLandscapeRight";
				INFOPLIST_KEY_UISupportedInterfaceOrientations_iPhone = "UIInterfaceOrientationPortrait UIInterfaceOrientationLandscapeLeft UIInterfaceOrientationLandscapeRight";
				LD_RUNPATH_SEARCH_PATHS = (
					"$(inherited)",
					"@executable_path/Frameworks",
				);
				MARKETING_VERSION = 1.0;
				PRODUCT_BUNDLE_IDENTIFIER = dev.leoespinal.FridgeMate;
				PRODUCT_NAME = "$(TARGET_NAME)";
				SWIFT_EMIT_LOC_STRINGS = YES;
				SWIFT_VERSION = 5.0;
				TARGETED_DEVICE_FAMILY = "1,2";
			};
			name = Release;
		};
		850C0E06281881C100826BA8 /* Debug */ = {
			isa = XCBuildConfiguration;
			buildSettings = {
				ALWAYS_EMBED_SWIFT_STANDARD_LIBRARIES = YES;
				BUNDLE_LOADER = "$(TEST_HOST)";
				CODE_SIGN_STYLE = Automatic;
				CURRENT_PROJECT_VERSION = 1;
				DEVELOPMENT_TEAM = S2W97NUM9L;
				GENERATE_INFOPLIST_FILE = YES;
				IPHONEOS_DEPLOYMENT_TARGET = 15.4;
				MARKETING_VERSION = 1.0;
				PRODUCT_BUNDLE_IDENTIFIER = dev.leoespinal.FridgeMateTests;
				PRODUCT_NAME = "$(TARGET_NAME)";
				SWIFT_EMIT_LOC_STRINGS = NO;
				SWIFT_VERSION = 5.0;
				TARGETED_DEVICE_FAMILY = "1,2";
				TEST_HOST = "$(BUILT_PRODUCTS_DIR)/FridgeMate.app/FridgeMate";
			};
			name = Debug;
		};
		850C0E07281881C100826BA8 /* Release */ = {
			isa = XCBuildConfiguration;
			buildSettings = {
				ALWAYS_EMBED_SWIFT_STANDARD_LIBRARIES = YES;
				BUNDLE_LOADER = "$(TEST_HOST)";
				CODE_SIGN_STYLE = Automatic;
				CURRENT_PROJECT_VERSION = 1;
				DEVELOPMENT_TEAM = S2W97NUM9L;
				GENERATE_INFOPLIST_FILE = YES;
				IPHONEOS_DEPLOYMENT_TARGET = 15.4;
				MARKETING_VERSION = 1.0;
				PRODUCT_BUNDLE_IDENTIFIER = dev.leoespinal.FridgeMateTests;
				PRODUCT_NAME = "$(TARGET_NAME)";
				SWIFT_EMIT_LOC_STRINGS = NO;
				SWIFT_VERSION = 5.0;
				TARGETED_DEVICE_FAMILY = "1,2";
				TEST_HOST = "$(BUILT_PRODUCTS_DIR)/FridgeMate.app/FridgeMate";
			};
			name = Release;
		};
		850C0E09281881C100826BA8 /* Debug */ = {
			isa = XCBuildConfiguration;
			buildSettings = {
				ALWAYS_EMBED_SWIFT_STANDARD_LIBRARIES = YES;
				CODE_SIGN_STYLE = Automatic;
				CURRENT_PROJECT_VERSION = 1;
				DEVELOPMENT_TEAM = S2W97NUM9L;
				GENERATE_INFOPLIST_FILE = YES;
				MARKETING_VERSION = 1.0;
				PRODUCT_BUNDLE_IDENTIFIER = dev.leoespinal.FridgeMateUITests;
				PRODUCT_NAME = "$(TARGET_NAME)";
				SWIFT_EMIT_LOC_STRINGS = NO;
				SWIFT_VERSION = 5.0;
				TARGETED_DEVICE_FAMILY = "1,2";
				TEST_TARGET_NAME = FridgeMate;
			};
			name = Debug;
		};
		850C0E0A281881C100826BA8 /* Release */ = {
			isa = XCBuildConfiguration;
			buildSettings = {
				ALWAYS_EMBED_SWIFT_STANDARD_LIBRARIES = YES;
				CODE_SIGN_STYLE = Automatic;
				CURRENT_PROJECT_VERSION = 1;
				DEVELOPMENT_TEAM = S2W97NUM9L;
				GENERATE_INFOPLIST_FILE = YES;
				MARKETING_VERSION = 1.0;
				PRODUCT_BUNDLE_IDENTIFIER = dev.leoespinal.FridgeMateUITests;
				PRODUCT_NAME = "$(TARGET_NAME)";
				SWIFT_EMIT_LOC_STRINGS = NO;
				SWIFT_VERSION = 5.0;
				TARGETED_DEVICE_FAMILY = "1,2";
				TEST_TARGET_NAME = FridgeMate;
			};
			name = Release;
		};
/* End XCBuildConfiguration section */

/* Begin XCConfigurationList section */
		850C0DD9281881BF00826BA8 /* Build configuration list for PBXProject "FridgeMate" */ = {
			isa = XCConfigurationList;
			buildConfigurations = (
				850C0E00281881C100826BA8 /* Debug */,
				850C0E01281881C100826BA8 /* Release */,
			);
			defaultConfigurationIsVisible = 0;
			defaultConfigurationName = Release;
		};
		850C0E02281881C100826BA8 /* Build configuration list for PBXNativeTarget "FridgeMate" */ = {
			isa = XCConfigurationList;
			buildConfigurations = (
				850C0E03281881C100826BA8 /* Debug */,
				850C0E04281881C100826BA8 /* Release */,
			);
			defaultConfigurationIsVisible = 0;
			defaultConfigurationName = Release;
		};
		850C0E05281881C100826BA8 /* Build configuration list for PBXNativeTarget "FridgeMateTests" */ = {
			isa = XCConfigurationList;
			buildConfigurations = (
				850C0E06281881C100826BA8 /* Debug */,
				850C0E07281881C100826BA8 /* Release */,
			);
			defaultConfigurationIsVisible = 0;
			defaultConfigurationName = Release;
		};
		850C0E08281881C100826BA8 /* Build configuration list for PBXNativeTarget "FridgeMateUITests" */ = {
			isa = XCConfigurationList;
			buildConfigurations = (
				850C0E09281881C100826BA8 /* Debug */,
				850C0E0A281881C100826BA8 /* Release */,
			);
			defaultConfigurationIsVisible = 0;
			defaultConfigurationName = Release;
		};
/* End XCConfigurationList section */
	};
	rootObject = 850C0DD6281881BF00826BA8 /* Project object */;
}
